
Microsoft Visual Studio Solution File, Format Version 12.00
# Visual Studio 15
VisualStudioVersion = 15.0.28010.2003
MinimumVisualStudioVersion = 10.0.40219.1
Project("{FAE04EC0-301F-11D3-BF4B-00C04F79EFBC}") = "Santander", "Santander\Santander.csproj", "{39689E9A-E1DB-4C3E-813B-BADECB3E7AFB}"
EndProject
Global
	GlobalSection(SolutionConfigurationPlatforms) = preSolution
		Debug|Any CPU = Debug|Any CPU
		Release|Any CPU = Release|Any CPU
	EndGlobalSection
	GlobalSection(ProjectConfigurationPlatforms) = postSolution
		{39689E9A-E1DB-4C3E-813B-BADECB3E7AFB}.Debug|Any CPU.ActiveCfg = Debug|Any CPU
		{39689E9A-E1DB-4C3E-813B-BADECB3E7AFB}.Debug|Any CPU.Build.0 = Debug|Any CPU
		{39689E9A-E1DB-4C3E-813B-BADECB3E7AFB}.Release|Any CPU.ActiveCfg = Release|Any CPU
		{39689E9A-E1DB-4C3E-813B-BADECB3E7AFB}.Release|Any CPU.Build.0 = Release|Any CPU
	EndGlobalSection
	GlobalSection(SolutionProperties) = preSolution
		HideSolutionNode = FALSE
	EndGlobalSection
	GlobalSection(ExtensibilityGlobals) = postSolution
		SolutionGuid = {A089C42E-5A8D-498A-A1D2-FC350968DFF5}
	EndGlobalSection
EndGlobal
